// !$*UTF8*$!
{
	archiveVersion = 1;
	classes = {
	};
	objectVersion = 46;
	objects = {

/* Begin PBXBuildFile section */
		2D28993F887B49B0182350FF /* libPods.a in Frameworks */ = {isa = PBXBuildFile; fileRef = 2753004635E628C717221B84 /* libPods.a */; };
		5211A64C1A2D92A2005CB6F2 /* ContainerViewController.swift in Sources */ = {isa = PBXBuildFile; fileRef = 5211A64B1A2D92A2005CB6F2 /* ContainerViewController.swift */; };
		5213D1821A2D2B8B00BF5098 /* AppDelegate.swift in Sources */ = {isa = PBXBuildFile; fileRef = 5213D1811A2D2B8B00BF5098 /* AppDelegate.swift */; };
		5213D1891A2D2B8B00BF5098 /* Main.storyboard in Resources */ = {isa = PBXBuildFile; fileRef = 5213D1871A2D2B8B00BF5098 /* Main.storyboard */; };
		5213D18B1A2D2B8B00BF5098 /* Images.xcassets in Resources */ = {isa = PBXBuildFile; fileRef = 5213D18A1A2D2B8B00BF5098 /* Images.xcassets */; };
		5213D18E1A2D2B8B00BF5098 /* LaunchScreen.xib in Resources */ = {isa = PBXBuildFile; fileRef = 5213D18C1A2D2B8B00BF5098 /* LaunchScreen.xib */; };
		5213D19A1A2D2B8B00BF5098 /* One_West_The_Road_to_OzTests.swift in Sources */ = {isa = PBXBuildFile; fileRef = 5213D1991A2D2B8B00BF5098 /* One_West_The_Road_to_OzTests.swift */; };
		5213D1A51A2D76AC00BF5098 /* Bolts.framework in Frameworks */ = {isa = PBXBuildFile; fileRef = 5213D1A31A2D76AC00BF5098 /* Bolts.framework */; };
		5213D1A61A2D76AC00BF5098 /* Parse.framework in Frameworks */ = {isa = PBXBuildFile; fileRef = 5213D1A41A2D76AC00BF5098 /* Parse.framework */; };
		5213D1A81A2D76B900BF5098 /* SystemConfiguration.framework in Frameworks */ = {isa = PBXBuildFile; fileRef = 5213D1A71A2D76B900BF5098 /* SystemConfiguration.framework */; };
		5213D1AA1A2D76C700BF5098 /* StoreKit.framework in Frameworks */ = {isa = PBXBuildFile; fileRef = 5213D1A91A2D76C700BF5098 /* StoreKit.framework */; };
		5213D1AC1A2D76CD00BF5098 /* Security.framework in Frameworks */ = {isa = PBXBuildFile; fileRef = 5213D1AB1A2D76CD00BF5098 /* Security.framework */; };
		5213D1AE1A2D76D300BF5098 /* QuartzCore.framework in Frameworks */ = {isa = PBXBuildFile; fileRef = 5213D1AD1A2D76D300BF5098 /* QuartzCore.framework */; };
		5213D1B01A2D76E700BF5098 /* MobileCoreServices.framework in Frameworks */ = {isa = PBXBuildFile; fileRef = 5213D1AF1A2D76E700BF5098 /* MobileCoreServices.framework */; };
		5213D1B21A2D76FF00BF5098 /* libz.dylib in Frameworks */ = {isa = PBXBuildFile; fileRef = 5213D1B11A2D76FF00BF5098 /* libz.dylib */; };
		5213D1B41A2D770F00BF5098 /* CoreLocation.framework in Frameworks */ = {isa = PBXBuildFile; fileRef = 5213D1B31A2D770F00BF5098 /* CoreLocation.framework */; };
		5213D1B61A2D771600BF5098 /* CoreGraphics.framework in Frameworks */ = {isa = PBXBuildFile; fileRef = 5213D1B51A2D771600BF5098 /* CoreGraphics.framework */; };
		5213D1B81A2D772600BF5098 /* CFNetwork.framework in Frameworks */ = {isa = PBXBuildFile; fileRef = 5213D1B71A2D772600BF5098 /* CFNetwork.framework */; };
		5213D1BA1A2D773100BF5098 /* AudioToolbox.framework in Frameworks */ = {isa = PBXBuildFile; fileRef = 5213D1B91A2D773100BF5098 /* AudioToolbox.framework */; };
		52296D8C1A3130E40078919E /* WorkoutsTableViewCell.swift in Sources */ = {isa = PBXBuildFile; fileRef = 52296D8B1A3130E40078919E /* WorkoutsTableViewCell.swift */; };
		523AB8711A2EC55D005C7A66 /* CenterViewController.swift in Sources */ = {isa = PBXBuildFile; fileRef = 523AB8701A2EC55D005C7A66 /* CenterViewController.swift */; };
		52814F201A2D7C8A00835680 /* NavDrawerViewController.swift in Sources */ = {isa = PBXBuildFile; fileRef = 52814F1F1A2D7C8A00835680 /* NavDrawerViewController.swift */; };
		52814F251A2D829600835680 /* NavDrawerTableCell.swift in Sources */ = {isa = PBXBuildFile; fileRef = 52814F241A2D829600835680 /* NavDrawerTableCell.swift */; };
		52814F271A2D82B100835680 /* User.swift in Sources */ = {isa = PBXBuildFile; fileRef = 52814F261A2D82B100835680 /* User.swift */; };
		52FC39A91A30F4F900B56BE9 /* GymWorkouts.swift in Sources */ = {isa = PBXBuildFile; fileRef = 52FC39A81A30F4F900B56BE9 /* GymWorkouts.swift */; };
		52FC39AB1A30F90800B56BE9 /* OCWorkouts.swift in Sources */ = {isa = PBXBuildFile; fileRef = 52FC39AA1A30F90800B56BE9 /* OCWorkouts.swift */; };
		52FC39AD1A30FC1E00B56BE9 /* GymViewController.swift in Sources */ = {isa = PBXBuildFile; fileRef = 52FC39AC1A30FC1E00B56BE9 /* GymViewController.swift */; };
		52FC39AF1A30FC4000B56BE9 /* OCViewController.swift in Sources */ = {isa = PBXBuildFile; fileRef = 52FC39AE1A30FC4000B56BE9 /* OCViewController.swift */; };
		52FC39B11A30FCA100B56BE9 /* PointsViewController.swift in Sources */ = {isa = PBXBuildFile; fileRef = 52FC39B01A30FCA100B56BE9 /* PointsViewController.swift */; };
/* End PBXBuildFile section */

/* Begin PBXContainerItemProxy section */
		5213D1941A2D2B8B00BF5098 /* PBXContainerItemProxy */ = {
			isa = PBXContainerItemProxy;
			containerPortal = 5213D1741A2D2B8B00BF5098 /* Project object */;
			proxyType = 1;
			remoteGlobalIDString = 5213D17B1A2D2B8B00BF5098;
			remoteInfo = "One West The Road to Oz";
		};
/* End PBXContainerItemProxy section */

/* Begin PBXFileReference section */
		2753004635E628C717221B84 /* libPods.a */ = {isa = PBXFileReference; explicitFileType = archive.ar; includeInIndex = 0; path = libPods.a; sourceTree = BUILT_PRODUCTS_DIR; };
		5211A64B1A2D92A2005CB6F2 /* ContainerViewController.swift */ = {isa = PBXFileReference; fileEncoding = 4; lastKnownFileType = sourcecode.swift; name = ContainerViewController.swift; path = ../ContainerViewController.swift; sourceTree = "<group>"; };
		5213D17C1A2D2B8B00BF5098 /* One West The Road to Oz.app */ = {isa = PBXFileReference; explicitFileType = wrapper.application; includeInIndex = 0; path = "One West The Road to Oz.app"; sourceTree = BUILT_PRODUCTS_DIR; };
		5213D1801A2D2B8B00BF5098 /* Info.plist */ = {isa = PBXFileReference; lastKnownFileType = text.plist.xml; path = Info.plist; sourceTree = "<group>"; };
		5213D1811A2D2B8B00BF5098 /* AppDelegate.swift */ = {isa = PBXFileReference; lastKnownFileType = sourcecode.swift; path = AppDelegate.swift; sourceTree = "<group>"; };
		5213D1881A2D2B8B00BF5098 /* Base */ = {isa = PBXFileReference; lastKnownFileType = file.storyboard; name = Base; path = Base.lproj/Main.storyboard; sourceTree = "<group>"; };
		5213D18A1A2D2B8B00BF5098 /* Images.xcassets */ = {isa = PBXFileReference; lastKnownFileType = folder.assetcatalog; path = Images.xcassets; sourceTree = "<group>"; };
		5213D18D1A2D2B8B00BF5098 /* Base */ = {isa = PBXFileReference; lastKnownFileType = file.xib; name = Base; path = Base.lproj/LaunchScreen.xib; sourceTree = "<group>"; };
		5213D1931A2D2B8B00BF5098 /* One West The Road to OzTests.xctest */ = {isa = PBXFileReference; explicitFileType = wrapper.cfbundle; includeInIndex = 0; path = "One West The Road to OzTests.xctest"; sourceTree = BUILT_PRODUCTS_DIR; };
		5213D1981A2D2B8B00BF5098 /* Info.plist */ = {isa = PBXFileReference; lastKnownFileType = text.plist.xml; path = Info.plist; sourceTree = "<group>"; };
		5213D1991A2D2B8B00BF5098 /* One_West_The_Road_to_OzTests.swift */ = {isa = PBXFileReference; lastKnownFileType = sourcecode.swift; path = One_West_The_Road_to_OzTests.swift; sourceTree = "<group>"; };
		5213D1A31A2D76AC00BF5098 /* Bolts.framework */ = {isa = PBXFileReference; lastKnownFileType = wrapper.framework; name = Bolts.framework; path = ../Swipr/Bolts.framework; sourceTree = "<group>"; };
		5213D1A41A2D76AC00BF5098 /* Parse.framework */ = {isa = PBXFileReference; lastKnownFileType = wrapper.framework; name = Parse.framework; path = ../Swipr/Parse.framework; sourceTree = "<group>"; };
		5213D1A71A2D76B900BF5098 /* SystemConfiguration.framework */ = {isa = PBXFileReference; lastKnownFileType = wrapper.framework; name = SystemConfiguration.framework; path = System/Library/Frameworks/SystemConfiguration.framework; sourceTree = SDKROOT; };
		5213D1A91A2D76C700BF5098 /* StoreKit.framework */ = {isa = PBXFileReference; lastKnownFileType = wrapper.framework; name = StoreKit.framework; path = System/Library/Frameworks/StoreKit.framework; sourceTree = SDKROOT; };
		5213D1AB1A2D76CD00BF5098 /* Security.framework */ = {isa = PBXFileReference; lastKnownFileType = wrapper.framework; name = Security.framework; path = System/Library/Frameworks/Security.framework; sourceTree = SDKROOT; };
		5213D1AD1A2D76D300BF5098 /* QuartzCore.framework */ = {isa = PBXFileReference; lastKnownFileType = wrapper.framework; name = QuartzCore.framework; path = System/Library/Frameworks/QuartzCore.framework; sourceTree = SDKROOT; };
		5213D1AF1A2D76E700BF5098 /* MobileCoreServices.framework */ = {isa = PBXFileReference; lastKnownFileType = wrapper.framework; name = MobileCoreServices.framework; path = System/Library/Frameworks/MobileCoreServices.framework; sourceTree = SDKROOT; };
		5213D1B11A2D76FF00BF5098 /* libz.dylib */ = {isa = PBXFileReference; lastKnownFileType = "compiled.mach-o.dylib"; name = libz.dylib; path = usr/lib/libz.dylib; sourceTree = SDKROOT; };
		5213D1B31A2D770F00BF5098 /* CoreLocation.framework */ = {isa = PBXFileReference; lastKnownFileType = wrapper.framework; name = CoreLocation.framework; path = System/Library/Frameworks/CoreLocation.framework; sourceTree = SDKROOT; };
		5213D1B51A2D771600BF5098 /* CoreGraphics.framework */ = {isa = PBXFileReference; lastKnownFileType = wrapper.framework; name = CoreGraphics.framework; path = System/Library/Frameworks/CoreGraphics.framework; sourceTree = SDKROOT; };
		5213D1B71A2D772600BF5098 /* CFNetwork.framework */ = {isa = PBXFileReference; lastKnownFileType = wrapper.framework; name = CFNetwork.framework; path = System/Library/Frameworks/CFNetwork.framework; sourceTree = SDKROOT; };
		5213D1B91A2D773100BF5098 /* AudioToolbox.framework */ = {isa = PBXFileReference; lastKnownFileType = wrapper.framework; name = AudioToolbox.framework; path = System/Library/Frameworks/AudioToolbox.framework; sourceTree = SDKROOT; };
		52296D8B1A3130E40078919E /* WorkoutsTableViewCell.swift */ = {isa = PBXFileReference; fileEncoding = 4; lastKnownFileType = sourcecode.swift; path = WorkoutsTableViewCell.swift; sourceTree = "<group>"; };
		523AB8701A2EC55D005C7A66 /* CenterViewController.swift */ = {isa = PBXFileReference; fileEncoding = 4; lastKnownFileType = sourcecode.swift; path = CenterViewController.swift; sourceTree = "<group>"; };
		52814F171A2D7B6800835680 /* One West The Road to Oz-Bridging-Header.h */ = {isa = PBXFileReference; lastKnownFileType = sourcecode.c.h; path = "One West The Road to Oz-Bridging-Header.h"; sourceTree = "<group>"; };
		52814F1F1A2D7C8A00835680 /* NavDrawerViewController.swift */ = {isa = PBXFileReference; fileEncoding = 4; lastKnownFileType = sourcecode.swift; path = NavDrawerViewController.swift; sourceTree = "<group>"; };
		52814F241A2D829600835680 /* NavDrawerTableCell.swift */ = {isa = PBXFileReference; fileEncoding = 4; lastKnownFileType = sourcecode.swift; path = NavDrawerTableCell.swift; sourceTree = "<group>"; };
		52814F261A2D82B100835680 /* User.swift */ = {isa = PBXFileReference; fileEncoding = 4; lastKnownFileType = sourcecode.swift; path = User.swift; sourceTree = "<group>"; };
		52FC39A81A30F4F900B56BE9 /* GymWorkouts.swift */ = {isa = PBXFileReference; fileEncoding = 4; lastKnownFileType = sourcecode.swift; path = GymWorkouts.swift; sourceTree = "<group>"; };
		52FC39AA1A30F90800B56BE9 /* OCWorkouts.swift */ = {isa = PBXFileReference; fileEncoding = 4; lastKnownFileType = sourcecode.swift; path = OCWorkouts.swift; sourceTree = "<group>"; };
		52FC39AC1A30FC1E00B56BE9 /* GymViewController.swift */ = {isa = PBXFileReference; fileEncoding = 4; lastKnownFileType = sourcecode.swift; path = GymViewController.swift; sourceTree = "<group>"; };
		52FC39AE1A30FC4000B56BE9 /* OCViewController.swift */ = {isa = PBXFileReference; fileEncoding = 4; lastKnownFileType = sourcecode.swift; path = OCViewController.swift; sourceTree = "<group>"; };
		52FC39B01A30FCA100B56BE9 /* PointsViewController.swift */ = {isa = PBXFileReference; fileEncoding = 4; lastKnownFileType = sourcecode.swift; path = PointsViewController.swift; sourceTree = "<group>"; };
		E2496CFBCBECEE7E2DB15688 /* Pods.release.xcconfig */ = {isa = PBXFileReference; includeInIndex = 1; lastKnownFileType = text.xcconfig; name = Pods.release.xcconfig; path = "Pods/Target Support Files/Pods/Pods.release.xcconfig"; sourceTree = "<group>"; };
		F6E89D6C054EFA2E5FFD5C3B /* Pods.debug.xcconfig */ = {isa = PBXFileReference; includeInIndex = 1; lastKnownFileType = text.xcconfig; name = Pods.debug.xcconfig; path = "Pods/Target Support Files/Pods/Pods.debug.xcconfig"; sourceTree = "<group>"; };
/* End PBXFileReference section */

/* Begin PBXFrameworksBuildPhase section */
		5213D1791A2D2B8B00BF5098 /* Frameworks */ = {
			isa = PBXFrameworksBuildPhase;
			buildActionMask = 2147483647;
			files = (
				5213D1BA1A2D773100BF5098 /* AudioToolbox.framework in Frameworks */,
				5213D1B81A2D772600BF5098 /* CFNetwork.framework in Frameworks */,
				5213D1B61A2D771600BF5098 /* CoreGraphics.framework in Frameworks */,
				5213D1B41A2D770F00BF5098 /* CoreLocation.framework in Frameworks */,
				5213D1B21A2D76FF00BF5098 /* libz.dylib in Frameworks */,
				5213D1B01A2D76E700BF5098 /* MobileCoreServices.framework in Frameworks */,
				5213D1AE1A2D76D300BF5098 /* QuartzCore.framework in Frameworks */,
				5213D1AC1A2D76CD00BF5098 /* Security.framework in Frameworks */,
				5213D1AA1A2D76C700BF5098 /* StoreKit.framework in Frameworks */,
				5213D1A81A2D76B900BF5098 /* SystemConfiguration.framework in Frameworks */,
				5213D1A51A2D76AC00BF5098 /* Bolts.framework in Frameworks */,
				5213D1A61A2D76AC00BF5098 /* Parse.framework in Frameworks */,
				2D28993F887B49B0182350FF /* libPods.a in Frameworks */,
			);
			runOnlyForDeploymentPostprocessing = 0;
		};
		5213D1901A2D2B8B00BF5098 /* Frameworks */ = {
			isa = PBXFrameworksBuildPhase;
			buildActionMask = 2147483647;
			files = (
			);
			runOnlyForDeploymentPostprocessing = 0;
		};
/* End PBXFrameworksBuildPhase section */

/* Begin PBXGroup section */
		03F500182B51AF9CCB04C395 /* Pods */ = {
			isa = PBXGroup;
			children = (
				F6E89D6C054EFA2E5FFD5C3B /* Pods.debug.xcconfig */,
				E2496CFBCBECEE7E2DB15688 /* Pods.release.xcconfig */,
			);
			name = Pods;
			sourceTree = "<group>";
		};
		5213D1731A2D2B8B00BF5098 = {
			isa = PBXGroup;
			children = (
				5213D17E1A2D2B8B00BF5098 /* One West The Road to Oz */,
				5213D1961A2D2B8B00BF5098 /* One West The Road to OzTests */,
				5213D17D1A2D2B8B00BF5098 /* Products */,
				5213D1BB1A2D775200BF5098 /* Frameworks */,
				03F500182B51AF9CCB04C395 /* Pods */,
			);
			sourceTree = "<group>";
		};
		5213D17D1A2D2B8B00BF5098 /* Products */ = {
			isa = PBXGroup;
			children = (
				5213D17C1A2D2B8B00BF5098 /* One West The Road to Oz.app */,
				5213D1931A2D2B8B00BF5098 /* One West The Road to OzTests.xctest */,
			);
			name = Products;
			sourceTree = "<group>";
		};
		5213D17E1A2D2B8B00BF5098 /* One West The Road to Oz */ = {
			isa = PBXGroup;
			children = (
				52814F211A2D7C8F00835680 /* Models */,
				52814F221A2D7C9A00835680 /* Views */,
				52814F231A2D7CA000835680 /* Controllers */,
				5213D18A1A2D2B8B00BF5098 /* Images.xcassets */,
				5213D18C1A2D2B8B00BF5098 /* LaunchScreen.xib */,
				5213D17F1A2D2B8B00BF5098 /* Supporting Files */,
			);
			path = "One West The Road to Oz";
			sourceTree = "<group>";
		};
		5213D17F1A2D2B8B00BF5098 /* Supporting Files */ = {
			isa = PBXGroup;
			children = (
				52814F171A2D7B6800835680 /* One West The Road to Oz-Bridging-Header.h */,
				5213D1811A2D2B8B00BF5098 /* AppDelegate.swift */,
				5213D1801A2D2B8B00BF5098 /* Info.plist */,
			);
			name = "Supporting Files";
			sourceTree = "<group>";
		};
		5213D1961A2D2B8B00BF5098 /* One West The Road to OzTests */ = {
			isa = PBXGroup;
			children = (
				5213D1991A2D2B8B00BF5098 /* One_West_The_Road_to_OzTests.swift */,
				5213D1971A2D2B8B00BF5098 /* Supporting Files */,
			);
			path = "One West The Road to OzTests";
			sourceTree = "<group>";
		};
		5213D1971A2D2B8B00BF5098 /* Supporting Files */ = {
			isa = PBXGroup;
			children = (
				5213D1981A2D2B8B00BF5098 /* Info.plist */,
			);
			name = "Supporting Files";
			sourceTree = "<group>";
		};
		5213D1BB1A2D775200BF5098 /* Frameworks */ = {
			isa = PBXGroup;
			children = (
				5213D1B91A2D773100BF5098 /* AudioToolbox.framework */,
				5213D1B71A2D772600BF5098 /* CFNetwork.framework */,
				5213D1B51A2D771600BF5098 /* CoreGraphics.framework */,
				5213D1B31A2D770F00BF5098 /* CoreLocation.framework */,
				5213D1B11A2D76FF00BF5098 /* libz.dylib */,
				5213D1AF1A2D76E700BF5098 /* MobileCoreServices.framework */,
				5213D1AD1A2D76D300BF5098 /* QuartzCore.framework */,
				5213D1AB1A2D76CD00BF5098 /* Security.framework */,
				5213D1A91A2D76C700BF5098 /* StoreKit.framework */,
				5213D1A71A2D76B900BF5098 /* SystemConfiguration.framework */,
				5213D1A31A2D76AC00BF5098 /* Bolts.framework */,
				5213D1A41A2D76AC00BF5098 /* Parse.framework */,
				2753004635E628C717221B84 /* libPods.a */,
			);
			name = Frameworks;
			sourceTree = "<group>";
		};
		52814F211A2D7C8F00835680 /* Models */ = {
			isa = PBXGroup;
			children = (
				52814F261A2D82B100835680 /* User.swift */,
				52FC39A81A30F4F900B56BE9 /* GymWorkouts.swift */,
				52FC39AA1A30F90800B56BE9 /* OCWorkouts.swift */,
			);
			name = Models;
			sourceTree = "<group>";
		};
		52814F221A2D7C9A00835680 /* Views */ = {
			isa = PBXGroup;
			children = (
				5213D1871A2D2B8B00BF5098 /* Main.storyboard */,
				52814F241A2D829600835680 /* NavDrawerTableCell.swift */,
				52296D8B1A3130E40078919E /* WorkoutsTableViewCell.swift */,
			);
			name = Views;
			sourceTree = "<group>";
		};
		52814F231A2D7CA000835680 /* Controllers */ = {
			isa = PBXGroup;
			children = (
				52FC39B01A30FCA100B56BE9 /* PointsViewController.swift */,
				52FC39AE1A30FC4000B56BE9 /* OCViewController.swift */,
				52FC39AC1A30FC1E00B56BE9 /* GymViewController.swift */,
				523AB8701A2EC55D005C7A66 /* CenterViewController.swift */,
				5211A64B1A2D92A2005CB6F2 /* ContainerViewController.swift */,
				52814F1F1A2D7C8A00835680 /* NavDrawerViewController.swift */,
			);
			name = Controllers;
			sourceTree = "<group>";
		};
/* End PBXGroup section */

/* Begin PBXNativeTarget section */
		5213D17B1A2D2B8B00BF5098 /* One West The Road to Oz */ = {
			isa = PBXNativeTarget;
			buildConfigurationList = 5213D19D1A2D2B8B00BF5098 /* Build configuration list for PBXNativeTarget "One West The Road to Oz" */;
			buildPhases = (
				71F07BD45634BA010B3B69D6 /* Check Pods Manifest.lock */,
				5213D1781A2D2B8B00BF5098 /* Sources */,
				5213D1791A2D2B8B00BF5098 /* Frameworks */,
				5213D17A1A2D2B8B00BF5098 /* Resources */,
				0D6CBD93E2D5E25CFF1DCB2B /* Copy Pods Resources */,
			);
			buildRules = (
			);
			dependencies = (
			);
			name = "One West The Road to Oz";
			productName = "One West The Road to Oz";
			productReference = 5213D17C1A2D2B8B00BF5098 /* One West The Road to Oz.app */;
			productType = "com.apple.product-type.application";
		};
		5213D1921A2D2B8B00BF5098 /* One West The Road to OzTests */ = {
			isa = PBXNativeTarget;
			buildConfigurationList = 5213D1A01A2D2B8B00BF5098 /* Build configuration list for PBXNativeTarget "One West The Road to OzTests" */;
			buildPhases = (
				5213D18F1A2D2B8B00BF5098 /* Sources */,
				5213D1901A2D2B8B00BF5098 /* Frameworks */,
				5213D1911A2D2B8B00BF5098 /* Resources */,
			);
			buildRules = (
			);
			dependencies = (
				5213D1951A2D2B8B00BF5098 /* PBXTargetDependency */,
			);
			name = "One West The Road to OzTests";
			productName = "One West The Road to OzTests";
			productReference = 5213D1931A2D2B8B00BF5098 /* One West The Road to OzTests.xctest */;
			productType = "com.apple.product-type.bundle.unit-test";
		};
/* End PBXNativeTarget section */

/* Begin PBXProject section */
		5213D1741A2D2B8B00BF5098 /* Project object */ = {
			isa = PBXProject;
			attributes = {
				LastUpgradeCheck = 0620;
				ORGANIZATIONNAME = Jacob;
				TargetAttributes = {
					5213D17B1A2D2B8B00BF5098 = {
						CreatedOnToolsVersion = 6.2;
					};
					5213D1921A2D2B8B00BF5098 = {
						CreatedOnToolsVersion = 6.2;
						TestTargetID = 5213D17B1A2D2B8B00BF5098;
					};
				};
			};
			buildConfigurationList = 5213D1771A2D2B8B00BF5098 /* Build configuration list for PBXProject "One West The Road to Oz" */;
			compatibilityVersion = "Xcode 3.2";
			developmentRegion = English;
			hasScannedForEncodings = 0;
			knownRegions = (
				en,
				Base,
			);
			mainGroup = 5213D1731A2D2B8B00BF5098;
			productRefGroup = 5213D17D1A2D2B8B00BF5098 /* Products */;
			projectDirPath = "";
			projectRoot = "";
			targets = (
				5213D17B1A2D2B8B00BF5098 /* One West The Road to Oz */,
				5213D1921A2D2B8B00BF5098 /* One West The Road to OzTests */,
			);
		};
/* End PBXProject section */

/* Begin PBXResourcesBuildPhase section */
		5213D17A1A2D2B8B00BF5098 /* Resources */ = {
			isa = PBXResourcesBuildPhase;
			buildActionMask = 2147483647;
			files = (
				5213D1891A2D2B8B00BF5098 /* Main.storyboard in Resources */,
				5213D18E1A2D2B8B00BF5098 /* LaunchScreen.xib in Resources */,
				5213D18B1A2D2B8B00BF5098 /* Images.xcassets in Resources */,
			);
			runOnlyForDeploymentPostprocessing = 0;
		};
		5213D1911A2D2B8B00BF5098 /* Resources */ = {
			isa = PBXResourcesBuildPhase;
			buildActionMask = 2147483647;
			files = (
			);
			runOnlyForDeploymentPostprocessing = 0;
		};
/* End PBXResourcesBuildPhase section */

/* Begin PBXShellScriptBuildPhase section */
		0D6CBD93E2D5E25CFF1DCB2B /* Copy Pods Resources */ = {
			isa = PBXShellScriptBuildPhase;
			buildActionMask = 2147483647;
			files = (
			);
			inputPaths = (
			);
			name = "Copy Pods Resources";
			outputPaths = (
			);
			runOnlyForDeploymentPostprocessing = 0;
			shellPath = /bin/sh;
			shellScript = "\"${SRCROOT}/Pods/Target Support Files/Pods/Pods-resources.sh\"\n";
			showEnvVarsInLog = 0;
		};
		71F07BD45634BA010B3B69D6 /* Check Pods Manifest.lock */ = {
			isa = PBXShellScriptBuildPhase;
			buildActionMask = 2147483647;
			files = (
			);
			inputPaths = (
			);
			name = "Check Pods Manifest.lock";
			outputPaths = (
			);
			runOnlyForDeploymentPostprocessing = 0;
			shellPath = /bin/sh;
			shellScript = "diff \"${PODS_ROOT}/../Podfile.lock\" \"${PODS_ROOT}/Manifest.lock\" > /dev/null\nif [[ $? != 0 ]] ; then\n    cat << EOM\nerror: The sandbox is not in sync with the Podfile.lock. Run 'pod install' or update your CocoaPods installation.\nEOM\n    exit 1\nfi\n";
			showEnvVarsInLog = 0;
		};
/* End PBXShellScriptBuildPhase section */

/* Begin PBXSourcesBuildPhase section */
		5213D1781A2D2B8B00BF5098 /* Sources */ = {
			isa = PBXSourcesBuildPhase;
			buildActionMask = 2147483647;
			files = (
				52FC39A91A30F4F900B56BE9 /* GymWorkouts.swift in Sources */,
				52FC39AD1A30FC1E00B56BE9 /* GymViewController.swift in Sources */,
				52814F271A2D82B100835680 /* User.swift in Sources */,
				52814F251A2D829600835680 /* NavDrawerTableCell.swift in Sources */,
				52FC39AB1A30F90800B56BE9 /* OCWorkouts.swift in Sources */,
				52FC39B11A30FCA100B56BE9 /* PointsViewController.swift in Sources */,
				5211A64C1A2D92A2005CB6F2 /* ContainerViewController.swift in Sources */,
				523AB8711A2EC55D005C7A66 /* CenterViewController.swift in Sources */,
				5213D1821A2D2B8B00BF5098 /* AppDelegate.swift in Sources */,
				52FC39AF1A30FC4000B56BE9 /* OCViewController.swift in Sources */,
				52814F201A2D7C8A00835680 /* NavDrawerViewController.swift in Sources */,
				52296D8C1A3130E40078919E /* WorkoutsTableViewCell.swift in Sources */,
			);
			runOnlyForDeploymentPostprocessing = 0;
		};
		5213D18F1A2D2B8B00BF5098 /* Sources */ = {
			isa = PBXSourcesBuildPhase;
			buildActionMask = 2147483647;
			files = (
				5213D19A1A2D2B8B00BF5098 /* One_West_The_Road_to_OzTests.swift in Sources */,
			);
			runOnlyForDeploymentPostprocessing = 0;
		};
/* End PBXSourcesBuildPhase section */

/* Begin PBXTargetDependency section */
		5213D1951A2D2B8B00BF5098 /* PBXTargetDependency */ = {
			isa = PBXTargetDependency;
			target = 5213D17B1A2D2B8B00BF5098 /* One West The Road to Oz */;
			targetProxy = 5213D1941A2D2B8B00BF5098 /* PBXContainerItemProxy */;
		};
/* End PBXTargetDependency section */

/* Begin PBXVariantGroup section */
		5213D1871A2D2B8B00BF5098 /* Main.storyboard */ = {
			isa = PBXVariantGroup;
			children = (
				5213D1881A2D2B8B00BF5098 /* Base */,
			);
			name = Main.storyboard;
			sourceTree = "<group>";
		};
		5213D18C1A2D2B8B00BF5098 /* LaunchScreen.xib */ = {
			isa = PBXVariantGroup;
			children = (
				5213D18D1A2D2B8B00BF5098 /* Base */,
			);
			name = LaunchScreen.xib;
			sourceTree = "<group>";
		};
/* End PBXVariantGroup section */

/* Begin XCBuildConfiguration section */
		5213D19B1A2D2B8B00BF5098 /* Debug */ = {
			isa = XCBuildConfiguration;
			buildSettings = {
				ALWAYS_SEARCH_USER_PATHS = NO;
				CLANG_CXX_LANGUAGE_STANDARD = "gnu++0x";
				CLANG_CXX_LIBRARY = "libc++";
				CLANG_ENABLE_MODULES = YES;
				CLANG_ENABLE_OBJC_ARC = YES;
				CLANG_WARN_BOOL_CONVERSION = YES;
				CLANG_WARN_CONSTANT_CONVERSION = YES;
				CLANG_WARN_DIRECT_OBJC_ISA_USAGE = YES_ERROR;
				CLANG_WARN_EMPTY_BODY = YES;
				CLANG_WARN_ENUM_CONVERSION = YES;
				CLANG_WARN_INT_CONVERSION = YES;
				CLANG_WARN_OBJC_ROOT_CLASS = YES_ERROR;
				CLANG_WARN_UNREACHABLE_CODE = YES;
				CLANG_WARN__DUPLICATE_METHOD_MATCH = YES;
				"CODE_SIGN_IDENTITY[sdk=iphoneos*]" = "iPhone Developer";
				COPY_PHASE_STRIP = NO;
				ENABLE_STRICT_OBJC_MSGSEND = YES;
				GCC_C_LANGUAGE_STANDARD = gnu99;
				GCC_DYNAMIC_NO_PIC = NO;
				GCC_OPTIMIZATION_LEVEL = 0;
				GCC_PREPROCESSOR_DEFINITIONS = (
					"DEBUG=1",
					"$(inherited)",
				);
				GCC_SYMBOLS_PRIVATE_EXTERN = NO;
				GCC_WARN_64_TO_32_BIT_CONVERSION = YES;
				GCC_WARN_ABOUT_RETURN_TYPE = YES_ERROR;
				GCC_WARN_UNDECLARED_SELECTOR = YES;
				GCC_WARN_UNINITIALIZED_AUTOS = YES_AGGRESSIVE;
				GCC_WARN_UNUSED_FUNCTION = YES;
				GCC_WARN_UNUSED_VARIABLE = YES;
				IPHONEOS_DEPLOYMENT_TARGET = 8.0;
				MTL_ENABLE_DEBUG_INFO = YES;
				ONLY_ACTIVE_ARCH = YES;
				SDKROOT = iphoneos;
				SWIFT_OPTIMIZATION_LEVEL = "-Onone";
			};
			name = Debug;
		};
		5213D19C1A2D2B8B00BF5098 /* Release */ = {
			isa = XCBuildConfiguration;
			buildSettings = {
				ALWAYS_SEARCH_USER_PATHS = NO;
				CLANG_CXX_LANGUAGE_STANDARD = "gnu++0x";
				CLANG_CXX_LIBRARY = "libc++";
				CLANG_ENABLE_MODULES = YES;
				CLANG_ENABLE_OBJC_ARC = YES;
				CLANG_WARN_BOOL_CONVERSION = YES;
				CLANG_WARN_CONSTANT_CONVERSION = YES;
				CLANG_WARN_DIRECT_OBJC_ISA_USAGE = YES_ERROR;
				CLANG_WARN_EMPTY_BODY = YES;
				CLANG_WARN_ENUM_CONVERSION = YES;
				CLANG_WARN_INT_CONVERSION = YES;
				CLANG_WARN_OBJC_ROOT_CLASS = YES_ERROR;
				CLANG_WARN_UNREACHABLE_CODE = YES;
				CLANG_WARN__DUPLICATE_METHOD_MATCH = YES;
				"CODE_SIGN_IDENTITY[sdk=iphoneos*]" = "iPhone Developer";
				COPY_PHASE_STRIP = YES;
				ENABLE_NS_ASSERTIONS = NO;
				ENABLE_STRICT_OBJC_MSGSEND = YES;
				GCC_C_LANGUAGE_STANDARD = gnu99;
				GCC_WARN_64_TO_32_BIT_CONVERSION = YES;
				GCC_WARN_ABOUT_RETURN_TYPE = YES_ERROR;
				GCC_WARN_UNDECLARED_SELECTOR = YES;
				GCC_WARN_UNINITIALIZED_AUTOS = YES_AGGRESSIVE;
				GCC_WARN_UNUSED_FUNCTION = YES;
				GCC_WARN_UNUSED_VARIABLE = YES;
				IPHONEOS_DEPLOYMENT_TARGET = 8.0;
				MTL_ENABLE_DEBUG_INFO = NO;
				SDKROOT = iphoneos;
				VALIDATE_PRODUCT = YES;
			};
			name = Release;
		};
		5213D19E1A2D2B8B00BF5098 /* Debug */ = {
			isa = XCBuildConfiguration;
			baseConfigurationReference = F6E89D6C054EFA2E5FFD5C3B /* Pods.debug.xcconfig */;
			buildSettings = {
				ASSETCATALOG_COMPILER_APPICON_NAME = AppIcon;
				CLANG_ENABLE_MODULES = YES;
				FRAMEWORK_SEARCH_PATHS = (
					"$(inherited)",
					/Users/test/Documents/Development/Swipr,
				);
				INFOPLIST_FILE = "One West The Road to Oz/Info.plist";
				LD_RUNPATH_SEARCH_PATHS = "$(inherited) @executable_path/Frameworks";
				PRODUCT_NAME = "$(TARGET_NAME)";
				SWIFT_OBJC_BRIDGING_HEADER = "One West The Road to Oz/One West The Road to Oz-Bridging-Header.h";
				SWIFT_OPTIMIZATION_LEVEL = "-Onone";
			};
			name = Debug;
		};
		5213D19F1A2D2B8B00BF5098 /* Release */ = {
			isa = XCBuildConfiguration;
			baseConfigurationReference = E2496CFBCBECEE7E2DB15688 /* Pods.release.xcconfig */;
			buildSettings = {
				ASSETCATALOG_COMPILER_APPICON_NAME = AppIcon;
				CLANG_ENABLE_MODULES = YES;
				FRAMEWORK_SEARCH_PATHS = (
					"$(inherited)",
					/Users/test/Documents/Development/Swipr,
				);
				INFOPLIST_FILE = "One West The Road to Oz/Info.plist";
				LD_RUNPATH_SEARCH_PATHS = "$(inherited) @executable_path/Frameworks";
				PRODUCT_NAME = "$(TARGET_NAME)";
				SWIFT_OBJC_BRIDGING_HEADER = "One West The Road to Oz/One West The Road to Oz-Bridging-Header.h";
			};
			name = Release;
		};
		5213D1A11A2D2B8B00BF5098 /* Debug */ = {
			isa = XCBuildConfiguration;
			buildSettings = {
				BUNDLE_LOADER = "$(TEST_HOST)";
				FRAMEWORK_SEARCH_PATHS = (
					"$(SDKROOT)/Developer/Library/Frameworks",
					"$(inherited)",
				);
				GCC_PREPROCESSOR_DEFINITIONS = (
					"DEBUG=1",
					"$(inherited)",
				);
				INFOPLIST_FILE = "One West The Road to OzTests/Info.plist";
				LD_RUNPATH_SEARCH_PATHS = "$(inherited) @executable_path/Frameworks @loader_path/Frameworks";
				PRODUCT_NAME = "$(TARGET_NAME)";
				TEST_HOST = "$(BUILT_PRODUCTS_DIR)/One West The Road to Oz.app/One West The Road to Oz";
			};
			name = Debug;
		};
		5213D1A21A2D2B8B00BF5098 /* Release */ = {
			isa = XCBuildConfiguration;
			buildSettings = {
				BUNDLE_LOADER = "$(TEST_HOST)";
				FRAMEWORK_SEARCH_PATHS = (
					"$(SDKROOT)/Developer/Library/Frameworks",
					"$(inherited)",
				);
				INFOPLIST_FILE = "One West The Road to OzTests/Info.plist";
				LD_RUNPATH_SEARCH_PATHS = "$(inherited) @executable_path/Frameworks @loader_path/Frameworks";
				PRODUCT_NAME = "$(TARGET_NAME)";
				TEST_HOST = "$(BUILT_PRODUCTS_DIR)/One West The Road to Oz.app/One West The Road to Oz";
			};
			name = Release;
		};
/* End XCBuildConfiguration section */

/* Begin XCConfigurationList section */
		5213D1771A2D2B8B00BF5098 /* Build configuration list for PBXProject "One West The Road to Oz" */ = {
			isa = XCConfigurationList;
			buildConfigurations = (
				5213D19B1A2D2B8B00BF5098 /* Debug */,
				5213D19C1A2D2B8B00BF5098 /* Release */,
			);
			defaultConfigurationIsVisible = 0;
			defaultConfigurationName = Release;
		};
		5213D19D1A2D2B8B00BF5098 /* Build configuration list for PBXNativeTarget "One West The Road to Oz" */ = {
			isa = XCConfigurationList;
			buildConfigurations = (
				5213D19E1A2D2B8B00BF5098 /* Debug */,
				5213D19F1A2D2B8B00BF5098 /* Release */,
			);
			defaultConfigurationIsVisible = 0;
			defaultConfigurationName = Release;
		};
		5213D1A01A2D2B8B00BF5098 /* Build configuration list for PBXNativeTarget "One West The Road to OzTests" */ = {
			isa = XCConfigurationList;
			buildConfigurations = (
				5213D1A11A2D2B8B00BF5098 /* Debug */,
				5213D1A21A2D2B8B00BF5098 /* Release */,
			);
			defaultConfigurationIsVisible = 0;
			defaultConfigurationName = Release;
		};
/* End XCConfigurationList section */
	};
	rootObject = 5213D1741A2D2B8B00BF5098 /* Project object */;
}
